schema: '2.0'
stages:
  prep_features:
    cmd: python src/stage_prep_features.py --params=params.yaml
    deps:
    - path: src/features/PlantationsData.py
      hash: md5
      md5: 2dcd21e889bcd7023eb52852a4b257bf
      size: 3123
    - path: src/features/create_xy.py
      hash: md5
      md5: 569a96713efea8056be4dd0d0920c6c1
      size: 12708
    - path: src/stage_prep_features.py
      hash: md5
      md5: 306200dc3ff169636bad47afbea0639d
      size: 2233
    params:
      params.yaml:
        base:
          log_level: DEBUG
          random_state: 121
          config: config.yaml
        data_condition:
          total_feature_count: 94
          classes: 4
          ard_subsample: 4
          subset_fraction: 0.1
          test_split: 20
          train_split: 80
          val_split: 25
          modelData_path: data/train/modelData.pkl
        data_load:
          download_data: false
          bucket_name: restoration-monitoring
          folder_prefix: plantation-mapping/data/train/
          local_prefix: data/
          ttc_feats_dir: train-features-ard/
          create_labels: false
          ceo_survey:
          - v08
          - v14
          - v15
          - v18
          - v19
          - v20
          - v21
          - v22
    outs:
    - path: data/train/modelData.pkl
      hash: md5
      md5: e5be72f18f2146d3ff7ab1bfb3048595
      size: 321164391
  load_data:
    cmd: python src/stage_load_data.py --params=params.yaml
    deps:
    - path: src/stage_load_data.py
      hash: md5
      md5: 43e0c8bb0743c5604ba15cbaf57fb25d
      size: 1025
    params:
      params.yaml:
        base:
          log_level: DEBUG
          random_state: 121
          config: config.yaml
        data_load:
          download_data: false
          bucket_name: restoration-monitoring
          folder_prefix: plantation-mapping/data/train/
          local_prefix: data/
          ttc_feats_dir: train-features-ard/
          create_labels: false
          ceo_survey:
          - v08
          - v14
          - v15
          - v18
          - v19
          - v20
          - v21
          - v22
  select_features_hyperparams:
    cmd: python src/stage_select_and_tune.py --params=params.yaml
    deps:
    - path: data/train/modelData.pkl
      hash: md5
      md5: e5be72f18f2146d3ff7ab1bfb3048595
      size: 321164391
    - path: src/features/feature_selection.py
      hash: md5
      md5: d51fa7201f0fb27b59e81589754b413a
      size: 8446
    params:
      params.yaml:
        base:
          log_level: DEBUG
          random_state: 121
          config: config.yaml
        data_condition:
          total_feature_count: 94
          classes: 4
          ard_subsample: 4
          subset_fraction: 0.1
          test_split: 20
          train_split: 80
          val_split: 25
          modelData_path: data/train/modelData.pkl
        select:
          select_features: false
          max_features: 40
          selected_features_path: data/train/selected_features.json
        train:
          use_best_params: false
          model_dir: models/
          model_name: models/model.joblib
          estimator_name: cat
          cv: 3
          tuning_metric: balanced_accuracy
          testing_metrics: accuracy balanced_accuracy precision recall f1 roc_auc
            log_loss
          estimators:
            cat:
              use_class_weights: true
              param_grid:
                loss_function: MultiClass
                random_state: 121
                logging_level: Silent
                depth: 7
    outs:
    - path: data/train/selected_features.json
      hash: md5
      md5: 833926d2ab341cf7854e69304d65167e
      size: 150
    - path: src/evaluation/best_params.json
      hash: md5
      md5: cf78d06c4e033cebed6e025682b56c0f
      size: 110
  train_model:
    cmd: python src/stage_train_model.py --params=params.yaml
    deps:
    - path: data/train/modelData.pkl
      hash: md5
      md5: e5be72f18f2146d3ff7ab1bfb3048595
      size: 321164391
    - path: data/train/selected_features.json
      hash: md5
      md5: 833926d2ab341cf7854e69304d65167e
      size: 150
    - path: src/evaluation/best_params.json
      hash: md5
      md5: cf78d06c4e033cebed6e025682b56c0f
      size: 110
    - path: src/model/train.py
      hash: md5
      md5: a5336ed53bcc71cf71937e886d6d7c5e
      size: 3411
    - path: src/stage_train_model.py
      hash: md5
      md5: 4eda50bc247e53cae05bfd77856a7c33
      size: 2905
    params:
      params.yaml:
        base:
          log_level: DEBUG
          random_state: 121
          config: config.yaml
        data_condition:
          total_feature_count: 94
          classes: 4
          ard_subsample: 4
          subset_fraction: 0.1
          test_split: 20
          train_split: 80
          val_split: 25
          modelData_path: data/train/modelData.pkl
        train:
          use_best_params: false
          model_dir: models/
          model_name: models/model.joblib
          estimator_name: cat
          cv: 3
          tuning_metric: balanced_accuracy
          testing_metrics: accuracy balanced_accuracy precision recall f1 roc_auc
            log_loss
          estimators:
            cat:
              use_class_weights: true
              param_grid:
                loss_function: MultiClass
                random_state: 121
                logging_level: Silent
                depth: 7
    outs:
    - path: models/model.joblib
      hash: md5
      md5: b27bc129b18f8f4903798c7794b0a4ae
      size: 5209729
  evaluate_model:
    cmd: python src/stage_evaluate_model.py --params=params.yaml
    deps:
    - path: data/train/modelData.pkl
      hash: md5
      md5: e5be72f18f2146d3ff7ab1bfb3048595
      size: 321164391
    - path: data/train/selected_features.json
      hash: md5
      md5: 833926d2ab341cf7854e69304d65167e
      size: 150
    - path: models/model.joblib
      hash: md5
      md5: b27bc129b18f8f4903798c7794b0a4ae
      size: 5209729
    - path: src/evaluation/best_params.json
      hash: md5
      md5: cf78d06c4e033cebed6e025682b56c0f
      size: 110
    - path: src/evaluation/validation_visuals.py
      hash: md5
      md5: d44607261f09b8de101499bb3ec2e1f7
      size: 3597
    - path: src/stage_evaluate_model.py
      hash: md5
      md5: 3c2299f70773812ef467f87633c32a55
      size: 4754
    params:
      params.yaml:
        base:
          log_level: DEBUG
          random_state: 121
          config: config.yaml
        data_condition:
          total_feature_count: 94
          classes: 4
          ard_subsample: 4
          subset_fraction: 0.1
          test_split: 20
          train_split: 80
          val_split: 25
          modelData_path: data/train/modelData.pkl
        evaluate:
          metrics_file: src/evaluation/metrics
          cm_image: src/evaluation/confusion_matrix
          cm_data: src/evaluation/confusion_matrix_data
          train_progress: src/evaluation/train_progress
          tile_id_loc: data
        train:
          use_best_params: false
          model_dir: models/
          model_name: models/model.joblib
          estimator_name: cat
          cv: 3
          tuning_metric: balanced_accuracy
          testing_metrics: accuracy balanced_accuracy precision recall f1 roc_auc
            log_loss
          estimators:
            cat:
              use_class_weights: true
              param_grid:
                loss_function: MultiClass
                random_state: 121
                logging_level: Silent
                depth: 7
    outs:
    - path: src/evaluation/confusion_matrix.png
      hash: md5
      md5: 1ad204fedacad778a7b5d6f546850a5f
      size: 32462
    - path: src/evaluation/confusion_matrix_data.csv
      hash: md5
      md5: dc5c6bde6945264d8fca27886b5fbf45
      size: 169361
    - path: src/evaluation/metrics.json
      hash: md5
      md5: bb91ec08395b0a7d9ca34f9750b007f3
      size: 190
