schema: '2.0'
stages:
  prep_features:
    cmd: python src/stage_prep_features.py --params=params.yaml
    deps:
    - path: src/features/PlantationsData.py
      hash: md5
      md5: 2dcd21e889bcd7023eb52852a4b257bf
      size: 3123
    - path: src/features/create_xy.py
      hash: md5
      md5: a7dbb76ae9c1bc7ca604496e0495006d
      size: 18017
    - path: src/stage_prep_features.py
      hash: md5
      md5: 7444e7aef0fece8f2a87ec744ac1d4dc
      size: 2191
    params:
      params.yaml:
        base:
          log_level: DEBUG
          random_state: 121
          config: config.yaml
        data_condition:
          total_feature_count: 94
          classes: 4
          ard_subsample: 4
          subset_fraction: 0.1
          test_split: 20
          train_split: 80
          val_split: 25
          modelData_path: data/train_params/modelData.pkl
        data_load:
          download_data: false
          bucket_name: restoration-monitoring
          folder_prefix: plantation-mapping/data/train/
          local_prefix: data/
          ttc_feats_dir: train-features-ard/
          create_labels: true
          drop_cleanlab_ids: false
          ceo_survey:
          - v08
          - v14
          - v15
          - v19
          - v20
          - v21
          - v22
          - v23
    outs:
    - path: data/train_params/modelData.pkl
      hash: md5
      md5: 3feab6e115ac4587940e36e92eee2030
      size: 308651876
  load_data:
    cmd: python src/stage_load_data.py --params=params.yaml
    deps:
    - path: src/stage_load_data.py
      hash: md5
      md5: 43e0c8bb0743c5604ba15cbaf57fb25d
      size: 1025
    params:
      params.yaml:
        base:
          log_level: DEBUG
          random_state: 121
          config: config.yaml
        data_load:
          download_data: false
          bucket_name: restoration-monitoring
          folder_prefix: plantation-mapping/data/train/
          local_prefix: data/
          ttc_feats_dir: train-features-ard/
          create_labels: true
          drop_cleanlab_ids: false
          ceo_survey:
          - v08
          - v14
          - v15
          - v19
          - v20
          - v21
          - v22
          - v23
  select_features_hyperparams:
    cmd: python src/stage_select_and_tune.py --params=params.yaml
    deps:
    - path: data/train_params/modelData.pkl
      hash: md5
      md5: 3feab6e115ac4587940e36e92eee2030
      size: 308651876
    - path: src/features/feature_selection.py
      hash: md5
      md5: f16201b723a739bd5c8d4b4f6d4171f8
      size: 4740
    params:
      params.yaml:
        base:
          log_level: DEBUG
          random_state: 121
          config: config.yaml
        data_condition:
          total_feature_count: 94
          classes: 4
          ard_subsample: 4
          subset_fraction: 0.1
          test_split: 20
          train_split: 80
          val_split: 25
          modelData_path: data/train_params/modelData.pkl
        select:
          perform_fs: true
          max_features: 40
          selected_features_path: data/train_params/selected_features.json
        train:
          use_best_params: false
          model_dir: models/
          model_name: models/model.joblib
          estimator_name: cat
          cv: 3
          tuning_metric: balanced_accuracy
          testing_metrics: accuracy balanced_accuracy precision recall f1 roc_auc
            log_loss
          estimators:
            cat:
              use_class_weights: true
              param_grid:
                loss_function: MultiClass
                random_state: 121
                logging_level: Silent
                depth: 10
                iterations: 1200
                l2_leaf_reg: 20
                min_data_in_leaf: 1680
                learning_rate: 0.02
    outs:
    - path: data/train_params/best_params.json
      hash: md5
      md5: 99914b932bd37a50b983c5e7c90ae93b
      size: 2
    - path: data/train_params/selected_features.json
      hash: md5
      md5: 3e19c45385509fa262d5dd922953a51e
      size: 150
  train_model:
    cmd: python src/stage_train_model.py --params=params.yaml
    deps:
    - path: data/train_params/best_params.json
      hash: md5
      md5: 99914b932bd37a50b983c5e7c90ae93b
      size: 2
    - path: data/train_params/modelData.pkl
      hash: md5
      md5: 3feab6e115ac4587940e36e92eee2030
      size: 308651876
    - path: data/train_params/selected_features.json
      hash: md5
      md5: 3e19c45385509fa262d5dd922953a51e
      size: 150
    - path: src/model/train.py
      hash: md5
      md5: a5336ed53bcc71cf71937e886d6d7c5e
      size: 3411
    - path: src/stage_train_model.py
      hash: md5
      md5: 11dd34e637e98f61caa5a2c0eec83305
      size: 4056
    params:
      params.yaml:
        base:
          log_level: DEBUG
          random_state: 121
          config: config.yaml
        data_condition:
          total_feature_count: 94
          classes: 4
          ard_subsample: 4
          subset_fraction: 0.1
          test_split: 20
          train_split: 80
          val_split: 25
          modelData_path: data/train_params/modelData.pkl
        train:
          use_best_params: false
          model_dir: models/
          model_name: models/model.joblib
          estimator_name: cat
          cv: 3
          tuning_metric: balanced_accuracy
          testing_metrics: accuracy balanced_accuracy precision recall f1 roc_auc
            log_loss
          estimators:
            cat:
              use_class_weights: true
              param_grid:
                loss_function: MultiClass
                random_state: 121
                logging_level: Silent
                depth: 10
                iterations: 1200
                l2_leaf_reg: 20
                min_data_in_leaf: 1680
                learning_rate: 0.02
    outs:
    - path: models/model.joblib
      hash: md5
      md5: b90e0d6502356a5f29a6b46765774048
      size: 2639376
  evaluate_model:
    cmd: python src/stage_evaluate_model.py --params=params.yaml
    deps:
    - path: data/train_params/best_params.json
      hash: md5
      md5: 99914b932bd37a50b983c5e7c90ae93b
      size: 2
    - path: data/train_params/modelData.pkl
      hash: md5
      md5: 3feab6e115ac4587940e36e92eee2030
      size: 308651876
    - path: data/train_params/selected_features.json
      hash: md5
      md5: 3e19c45385509fa262d5dd922953a51e
      size: 150
    - path: models/model.joblib
      hash: md5
      md5: b90e0d6502356a5f29a6b46765774048
      size: 2639376
    - path: src/evaluation/validation_visuals.py
      hash: md5
      md5: d44607261f09b8de101499bb3ec2e1f7
      size: 3597
    - path: src/stage_evaluate_model.py
      hash: md5
      md5: a3a75743c8022b9a3cdf68d0e692c094
      size: 4601
    params:
      params.yaml:
        base:
          log_level: DEBUG
          random_state: 121
          config: config.yaml
        data_condition:
          total_feature_count: 94
          classes: 4
          ard_subsample: 4
          subset_fraction: 0.1
          test_split: 20
          train_split: 80
          val_split: 25
          modelData_path: data/train_params/modelData.pkl
        evaluate:
          metrics_file: src/evaluation/metrics
          cm_image: src/evaluation/confusion_matrix
          cm_data: src/evaluation/confusion_matrix_data
          train_progress: src/evaluation/train_progress
          tile_id_loc: data
        train:
          use_best_params: false
          model_dir: models/
          model_name: models/model.joblib
          estimator_name: cat
          cv: 3
          tuning_metric: balanced_accuracy
          testing_metrics: accuracy balanced_accuracy precision recall f1 roc_auc
            log_loss
          estimators:
            cat:
              use_class_weights: true
              param_grid:
                loss_function: MultiClass
                random_state: 121
                logging_level: Silent
                depth: 10
                iterations: 1200
                l2_leaf_reg: 20
                min_data_in_leaf: 1680
                learning_rate: 0.02
    outs:
    - path: src/evaluation/confusion_matrix.png
      hash: md5
      md5: 2ce76001fc9e6a5dcdd869599c3e85e7
      size: 28996
    - path: src/evaluation/confusion_matrix_data.csv
      hash: md5
      md5: 29177eb98bfd95ba993a32f93b2f293e
      size: 163089
    - path: src/evaluation/metrics.json
      hash: md5
      md5: b4d83d39fbf1f8475d8861e64cce7e52
      size: 356
